
Microsoft Visual Studio Solution File, Format Version 12.00
# Visual Studio Version 17
VisualStudioVersion = 17.0.31903.59
MinimumVisualStudioVersion = 10.0.40219.1
Project("{2150E333-8FDC-42A3-9474-1A3956D46DE8}") = "src", "src", "{827E0CD3-B72D-47B6-A68D-7590B98EB39B}"
EndProject
Project("{FAE04EC0-301F-11D3-BF4B-00C04F79EFBC}") = "Quickshell.Terminal", "src\Quickshell.Terminal\Quickshell.Terminal.csproj", "{C57DBD41-0262-4E49-A21C-8BDD248B376F}"
EndProject
Project("{FAE04EC0-301F-11D3-BF4B-00C04F79EFBC}") = "Quickshell.Transport", "src\Quickshell.Transport\Quickshell.Transport.csproj", "{BD7A1619-71F6-4A8E-B50C-5C919CF6F21C}"
EndProject
Project("{FAE04EC0-301F-11D3-BF4B-00C04F79EFBC}") = "Quickshell.Render", "src\Quickshell.Render\Quickshell.Render.csproj", "{A8C935E4-9465-45B1-88DA-9A80A40D03D9}"
EndProject
Project("{FAE04EC0-301F-11D3-BF4B-00C04F79EFBC}") = "Quickshell.App", "src\Quickshell.App\Quickshell.App.csproj", "{DC20A579-6D2E-4D6C-A8CF-CC800A6AE10C}"
EndProject
Project("{2150E333-8FDC-42A3-9474-1A3956D46DE8}") = "tests", "tests", "{0AB3BF05-4346-4AA6-1389-037BE0695223}"
EndProject
Project("{FAE04EC0-301F-11D3-BF4B-00C04F79EFBC}") = "Quickshell.Architecture.Tests", "tests\Quickshell.Architecture.Tests\Quickshell.Architecture.Tests.csproj", "{5026EF79-46F4-4614-9BB1-B7448AB3305A}"
EndProject
Project("{2150E333-8FDC-42A3-9474-1A3956D46DE8}") = "benchmarks", "benchmarks", "{66320409-64EC-F7C5-3DEF-65E7510DAAD1}"
EndProject
Project("{FAE04EC0-301F-11D3-BF4B-00C04F79EFBC}") = "Quickshell.Replay", "benchmarks\Quickshell.Replay\Quickshell.Replay.csproj", "{9560C3FC-048C-48F9-B011-3CCB7807EDB2}"
EndProject
Project("{FAE04EC0-301F-11D3-BF4B-00C04F79EFBC}") = "Quickshell.Benchmarks", "benchmarks\Quickshell.Benchmarks\Quickshell.Benchmarks.csproj", "{3AA819CF-AADB-4B4C-994B-02D0C4F083DE}"
EndProject
Project("{FAE04EC0-301F-11D3-BF4B-00C04F79EFBC}") = "Quickshell.Render.Tests", "tests\Quickshell.Render.Tests\Quickshell.Render.Tests.csproj", "{A1758BCF-7ADD-4391-9AE3-85E963A885BD}"
EndProject
Project("{FAE04EC0-301F-11D3-BF4B-00C04F79EFBC}") = "Quickshell.Terminal.Tests", "tests\Quickshell.Terminal.Tests\Quickshell.Terminal.Tests.csproj", "{6AAE197E-6EDF-4E09-B465-44177DF767AB}"
EndProject
Project("{FAE04EC0-301F-11D3-BF4B-00C04F79EFBC}") = "Quickshell.Transport.Tests", "tests\Quickshell.Transport.Tests\Quickshell.Transport.Tests.csproj", "{A8A29E7C-F155-4E0D-84A6-887AF5EBDE30}"
EndProject
Project("{FAE04EC0-301F-11D3-BF4B-00C04F79EFBC}") = "Quickshell.App.Tests", "tests\Quickshell.App.Tests\Quickshell.App.Tests.csproj", "{454876FF-A70E-4C02-9368-553A0F4BFC94}"
EndProject
Project("{2150E333-8FDC-42A3-9474-1A3956D46DE8}") = "tools", "tools", "{07C2787E-EAC7-C090-1BA3-A61EC2A24D84}"
EndProject
Project("{FAE04EC0-301F-11D3-BF4B-00C04F79EFBC}") = "Quickshell.Conformance", "tools\Quickshell.Conformance\Quickshell.Conformance.csproj", "{D4F1338B-5F31-4D31-9EB9-303F8CFF0117}"
EndProject
Project("{FAE04EC0-301F-11D3-BF4B-00C04F79EFBC}") = "Quickshell.CrashProbe", "tools\Quickshell.CrashProbe\Quickshell.CrashProbe.csproj", "{854B5942-59DB-4CAC-81F5-378D4AE9EAA9}"
EndProject
Global
	GlobalSection(SolutionConfigurationPlatforms) = preSolution
		Debug|Any CPU = Debug|Any CPU
		Debug|x64 = Debug|x64
		Debug|x86 = Debug|x86
		Release|Any CPU = Release|Any CPU
		Release|x64 = Release|x64
		Release|x86 = Release|x86
	EndGlobalSection
	GlobalSection(ProjectConfigurationPlatforms) = postSolution
		{C57DBD41-0262-4E49-A21C-8BDD248B376F}.Debug|Any CPU.ActiveCfg = Debug|x64
		{C57DBD41-0262-4E49-A21C-8BDD248B376F}.Debug|Any CPU.Build.0 = Debug|x64
		{C57DBD41-0262-4E49-A21C-8BDD248B376F}.Debug|x64.ActiveCfg = Debug|x64
		{C57DBD41-0262-4E49-A21C-8BDD248B376F}.Debug|x64.Build.0 = Debug|x64
		{C57DBD41-0262-4E49-A21C-8BDD248B376F}.Debug|x86.ActiveCfg = Debug|x64
		{C57DBD41-0262-4E49-A21C-8BDD248B376F}.Debug|x86.Build.0 = Debug|x64
		{C57DBD41-0262-4E49-A21C-8BDD248B376F}.Release|Any CPU.ActiveCfg = Release|x64
		{C57DBD41-0262-4E49-A21C-8BDD248B376F}.Release|Any CPU.Build.0 = Release|x64
		{C57DBD41-0262-4E49-A21C-8BDD248B376F}.Release|x64.ActiveCfg = Release|x64
		{C57DBD41-0262-4E49-A21C-8BDD248B376F}.Release|x64.Build.0 = Release|x64
		{C57DBD41-0262-4E49-A21C-8BDD248B376F}.Release|x86.ActiveCfg = Release|x64
		{C57DBD41-0262-4E49-A21C-8BDD248B376F}.Release|x86.Build.0 = Release|x64
		{BD7A1619-71F6-4A8E-B50C-5C919CF6F21C}.Debug|Any CPU.ActiveCfg = Debug|x64
		{BD7A1619-71F6-4A8E-B50C-5C919CF6F21C}.Debug|Any CPU.Build.0 = Debug|x64
		{BD7A1619-71F6-4A8E-B50C-5C919CF6F21C}.Debug|x64.ActiveCfg = Debug|x64
		{BD7A1619-71F6-4A8E-B50C-5C919CF6F21C}.Debug|x64.Build.0 = Debug|x64
		{BD7A1619-71F6-4A8E-B50C-5C919CF6F21C}.Debug|x86.ActiveCfg = Debug|x64
		{BD7A1619-71F6-4A8E-B50C-5C919CF6F21C}.Debug|x86.Build.0 = Debug|x64
		{BD7A1619-71F6-4A8E-B50C-5C919CF6F21C}.Release|Any CPU.ActiveCfg = Release|x64
		{BD7A1619-71F6-4A8E-B50C-5C919CF6F21C}.Release|Any CPU.Build.0 = Release|x64
		{BD7A1619-71F6-4A8E-B50C-5C919CF6F21C}.Release|x64.ActiveCfg = Release|x64
		{BD7A1619-71F6-4A8E-B50C-5C919CF6F21C}.Release|x64.Build.0 = Release|x64
		{BD7A1619-71F6-4A8E-B50C-5C919CF6F21C}.Release|x86.ActiveCfg = Release|x64
		{BD7A1619-71F6-4A8E-B50C-5C919CF6F21C}.Release|x86.Build.0 = Release|x64
		{A8C935E4-9465-45B1-88DA-9A80A40D03D9}.Debug|Any CPU.ActiveCfg = Debug|x64
		{A8C935E4-9465-45B1-88DA-9A80A40D03D9}.Debug|Any CPU.Build.0 = Debug|x64
		{A8C935E4-9465-45B1-88DA-9A80A40D03D9}.Debug|x64.ActiveCfg = Debug|x64
		{A8C935E4-9465-45B1-88DA-9A80A40D03D9}.Debug|x64.Build.0 = Debug|x64
		{A8C935E4-9465-45B1-88DA-9A80A40D03D9}.Debug|x86.ActiveCfg = Debug|x64
		{A8C935E4-9465-45B1-88DA-9A80A40D03D9}.Debug|x86.Build.0 = Debug|x64
		{A8C935E4-9465-45B1-88DA-9A80A40D03D9}.Release|Any CPU.ActiveCfg = Release|x64
		{A8C935E4-9465-45B1-88DA-9A80A40D03D9}.Release|Any CPU.Build.0 = Release|x64
		{A8C935E4-9465-45B1-88DA-9A80A40D03D9}.Release|x64.ActiveCfg = Release|x64
		{A8C935E4-9465-45B1-88DA-9A80A40D03D9}.Release|x64.Build.0 = Release|x64
		{A8C935E4-9465-45B1-88DA-9A80A40D03D9}.Release|x86.ActiveCfg = Release|x64
		{A8C935E4-9465-45B1-88DA-9A80A40D03D9}.Release|x86.Build.0 = Release|x64
		{DC20A579-6D2E-4D6C-A8CF-CC800A6AE10C}.Debug|Any CPU.ActiveCfg = Debug|x64
		{DC20A579-6D2E-4D6C-A8CF-CC800A6AE10C}.Debug|Any CPU.Build.0 = Debug|x64
		{DC20A579-6D2E-4D6C-A8CF-CC800A6AE10C}.Debug|x64.ActiveCfg = Debug|x64
		{DC20A579-6D2E-4D6C-A8CF-CC800A6AE10C}.Debug|x64.Build.0 = Debug|x64
		{DC20A579-6D2E-4D6C-A8CF-CC800A6AE10C}.Debug|x86.ActiveCfg = Debug|x64
		{DC20A579-6D2E-4D6C-A8CF-CC800A6AE10C}.Debug|x86.Build.0 = Debug|x64
		{DC20A579-6D2E-4D6C-A8CF-CC800A6AE10C}.Release|Any CPU.ActiveCfg = Release|x64
		{DC20A579-6D2E-4D6C-A8CF-CC800A6AE10C}.Release|Any CPU.Build.0 = Release|x64
		{DC20A579-6D2E-4D6C-A8CF-CC800A6AE10C}.Release|x64.ActiveCfg = Release|x64
		{DC20A579-6D2E-4D6C-A8CF-CC800A6AE10C}.Release|x64.Build.0 = Release|x64
		{DC20A579-6D2E-4D6C-A8CF-CC800A6AE10C}.Release|x86.ActiveCfg = Release|x64
		{DC20A579-6D2E-4D6C-A8CF-CC800A6AE10C}.Release|x86.Build.0 = Release|x64
		{5026EF79-46F4-4614-9BB1-B7448AB3305A}.Debug|Any CPU.ActiveCfg = Debug|x64
		{5026EF79-46F4-4614-9BB1-B7448AB3305A}.Debug|Any CPU.Build.0 = Debug|x64
		{5026EF79-46F4-4614-9BB1-B7448AB3305A}.Debug|x64.ActiveCfg = Debug|x64
		{5026EF79-46F4-4614-9BB1-B7448AB3305A}.Debug|x64.Build.0 = Debug|x64
		{5026EF79-46F4-4614-9BB1-B7448AB3305A}.Debug|x86.ActiveCfg = Debug|x64
		{5026EF79-46F4-4614-9BB1-B7448AB3305A}.Debug|x86.Build.0 = Debug|x64
		{5026EF79-46F4-4614-9BB1-B7448AB3305A}.Release|Any CPU.ActiveCfg = Release|x64
		{5026EF79-46F4-4614-9BB1-B7448AB3305A}.Release|Any CPU.Build.0 = Release|x64
		{5026EF79-46F4-4614-9BB1-B7448AB3305A}.Release|x64.ActiveCfg = Release|x64
		{5026EF79-46F4-4614-9BB1-B7448AB3305A}.Release|x64.Build.0 = Release|x64
		{5026EF79-46F4-4614-9BB1-B7448AB3305A}.Release|x86.ActiveCfg = Release|x64
		{5026EF79-46F4-4614-9BB1-B7448AB3305A}.Release|x86.Build.0 = Release|x64
		{9560C3FC-048C-48F9-B011-3CCB7807EDB2}.Debug|Any CPU.ActiveCfg = Debug|x64
		{9560C3FC-048C-48F9-B011-3CCB7807EDB2}.Debug|Any CPU.Build.0 = Debug|x64
		{9560C3FC-048C-48F9-B011-3CCB7807EDB2}.Debug|x64.ActiveCfg = Debug|x64
		{9560C3FC-048C-48F9-B011-3CCB7807EDB2}.Debug|x64.Build.0 = Debug|x64
		{9560C3FC-048C-48F9-B011-3CCB7807EDB2}.Debug|x86.ActiveCfg = Debug|x64
		{9560C3FC-048C-48F9-B011-3CCB7807EDB2}.Debug|x86.Build.0 = Debug|x64
		{9560C3FC-048C-48F9-B011-3CCB7807EDB2}.Release|Any CPU.ActiveCfg = Release|x64
		{9560C3FC-048C-48F9-B011-3CCB7807EDB2}.Release|Any CPU.Build.0 = Release|x64
		{9560C3FC-048C-48F9-B011-3CCB7807EDB2}.Release|x64.ActiveCfg = Release|x64
		{9560C3FC-048C-48F9-B011-3CCB7807EDB2}.Release|x64.Build.0 = Release|x64
		{9560C3FC-048C-48F9-B011-3CCB7807EDB2}.Release|x86.ActiveCfg = Release|x64
		{9560C3FC-048C-48F9-B011-3CCB7807EDB2}.Release|x86.Build.0 = Release|x64
		{3AA819CF-AADB-4B4C-994B-02D0C4F083DE}.Debug|Any CPU.ActiveCfg = Debug|x64
		{3AA819CF-AADB-4B4C-994B-02D0C4F083DE}.Debug|Any CPU.Build.0 = Debug|x64
		{3AA819CF-AADB-4B4C-994B-02D0C4F083DE}.Debug|x64.ActiveCfg = Debug|x64
		{3AA819CF-AADB-4B4C-994B-02D0C4F083DE}.Debug|x64.Build.0 = Debug|x64
		{3AA819CF-AADB-4B4C-994B-02D0C4F083DE}.Debug|x86.ActiveCfg = Debug|x64
		{3AA819CF-AADB-4B4C-994B-02D0C4F083DE}.Debug|x86.Build.0 = Debug|x64
		{3AA819CF-AADB-4B4C-994B-02D0C4F083DE}.Release|Any CPU.ActiveCfg = Release|x64
		{3AA819CF-AADB-4B4C-994B-02D0C4F083DE}.Release|Any CPU.Build.0 = Release|x64
		{3AA819CF-AADB-4B4C-994B-02D0C4F083DE}.Release|x64.ActiveCfg = Release|x64
		{3AA819CF-AADB-4B4C-994B-02D0C4F083DE}.Release|x64.Build.0 = Release|x64
		{3AA819CF-AADB-4B4C-994B-02D0C4F083DE}.Release|x86.ActiveCfg = Release|x64
		{3AA819CF-AADB-4B4C-994B-02D0C4F083DE}.Release|x86.Build.0 = Release|x64
		{A1758BCF-7ADD-4391-9AE3-85E963A885BD}.Debug|Any CPU.ActiveCfg = Debug|x64
		{A1758BCF-7ADD-4391-9AE3-85E963A885BD}.Debug|Any CPU.Build.0 = Debug|x64
		{A1758BCF-7ADD-4391-9AE3-85E963A885BD}.Debug|x64.ActiveCfg = Debug|x64
		{A1758BCF-7ADD-4391-9AE3-85E963A885BD}.Debug|x64.Build.0 = Debug|x64
		{A1758BCF-7ADD-4391-9AE3-85E963A885BD}.Debug|x86.ActiveCfg = Debug|x64
		{A1758BCF-7ADD-4391-9AE3-85E963A885BD}.Debug|x86.Build.0 = Debug|x64
		{A1758BCF-7ADD-4391-9AE3-85E963A885BD}.Release|Any CPU.ActiveCfg = Release|x64
		{A1758BCF-7ADD-4391-9AE3-85E963A885BD}.Release|Any CPU.Build.0 = Release|x64
		{A1758BCF-7ADD-4391-9AE3-85E963A885BD}.Release|x64.ActiveCfg = Release|x64
		{A1758BCF-7ADD-4391-9AE3-85E963A885BD}.Release|x64.Build.0 = Release|x64
		{A1758BCF-7ADD-4391-9AE3-85E963A885BD}.Release|x86.ActiveCfg = Release|x64
		{A1758BCF-7ADD-4391-9AE3-85E963A885BD}.Release|x86.Build.0 = Release|x64
		{6AAE197E-6EDF-4E09-B465-44177DF767AB}.Debug|Any CPU.ActiveCfg = Debug|x64
		{6AAE197E-6EDF-4E09-B465-44177DF767AB}.Debug|Any CPU.Build.0 = Debug|x64
		{6AAE197E-6EDF-4E09-B465-44177DF767AB}.Debug|x64.ActiveCfg = Debug|x64
		{6AAE197E-6EDF-4E09-B465-44177DF767AB}.Debug|x64.Build.0 = Debug|x64
		{6AAE197E-6EDF-4E09-B465-44177DF767AB}.Debug|x86.ActiveCfg = Debug|x64
		{6AAE197E-6EDF-4E09-B465-44177DF767AB}.Debug|x86.Build.0 = Debug|x64
		{6AAE197E-6EDF-4E09-B465-44177DF767AB}.Release|Any CPU.ActiveCfg = Release|x64
		{6AAE197E-6EDF-4E09-B465-44177DF767AB}.Release|Any CPU.Build.0 = Release|x64
		{6AAE197E-6EDF-4E09-B465-44177DF767AB}.Release|x64.ActiveCfg = Release|x64
		{6AAE197E-6EDF-4E09-B465-44177DF767AB}.Release|x64.Build.0 = Release|x64
		{6AAE197E-6EDF-4E09-B465-44177DF767AB}.Release|x86.ActiveCfg = Release|x64
		{6AAE197E-6EDF-4E09-B465-44177DF767AB}.Release|x86.Build.0 = Release|x64
		{A8A29E7C-F155-4E0D-84A6-887AF5EBDE30}.Debug|Any CPU.ActiveCfg = Debug|x64
		{A8A29E7C-F155-4E0D-84A6-887AF5EBDE30}.Debug|Any CPU.Build.0 = Debug|x64
		{A8A29E7C-F155-4E0D-84A6-887AF5EBDE30}.Debug|x64.ActiveCfg = Debug|x64
		{A8A29E7C-F155-4E0D-84A6-887AF5EBDE30}.Debug|x64.Build.0 = Debug|x64
		{A8A29E7C-F155-4E0D-84A6-887AF5EBDE30}.Debug|x86.ActiveCfg = Debug|x64
		{A8A29E7C-F155-4E0D-84A6-887AF5EBDE30}.Debug|x86.Build.0 = Debug|x64
		{A8A29E7C-F155-4E0D-84A6-887AF5EBDE30}.Release|Any CPU.ActiveCfg = Release|x64
		{A8A29E7C-F155-4E0D-84A6-887AF5EBDE30}.Release|Any CPU.Build.0 = Release|x64
		{A8A29E7C-F155-4E0D-84A6-887AF5EBDE30}.Release|x64.ActiveCfg = Release|x64
		{A8A29E7C-F155-4E0D-84A6-887AF5EBDE30}.Release|x64.Build.0 = Release|x64
		{A8A29E7C-F155-4E0D-84A6-887AF5EBDE30}.Release|x86.ActiveCfg = Release|x64
		{A8A29E7C-F155-4E0D-84A6-887AF5EBDE30}.Release|x86.Build.0 = Release|x64
		{454876FF-A70E-4C02-9368-553A0F4BFC94}.Debug|Any CPU.ActiveCfg = Debug|x64
		{454876FF-A70E-4C02-9368-553A0F4BFC94}.Debug|Any CPU.Build.0 = Debug|x64
		{454876FF-A70E-4C02-9368-553A0F4BFC94}.Debug|x64.ActiveCfg = Debug|x64
		{454876FF-A70E-4C02-9368-553A0F4BFC94}.Debug|x64.Build.0 = Debug|x64
		{454876FF-A70E-4C02-9368-553A0F4BFC94}.Debug|x86.ActiveCfg = Debug|x64
		{454876FF-A70E-4C02-9368-553A0F4BFC94}.Debug|x86.Build.0 = Debug|x64
		{454876FF-A70E-4C02-9368-553A0F4BFC94}.Release|Any CPU.ActiveCfg = Release|x64
		{454876FF-A70E-4C02-9368-553A0F4BFC94}.Release|Any CPU.Build.0 = Release|x64
		{454876FF-A70E-4C02-9368-553A0F4BFC94}.Release|x64.ActiveCfg = Release|x64
		{454876FF-A70E-4C02-9368-553A0F4BFC94}.Release|x64.Build.0 = Release|x64
		{454876FF-A70E-4C02-9368-553A0F4BFC94}.Release|x86.ActiveCfg = Release|x64
		{454876FF-A70E-4C02-9368-553A0F4BFC94}.Release|x86.Build.0 = Release|x64
		{D4F1338B-5F31-4D31-9EB9-303F8CFF0117}.Debug|Any CPU.ActiveCfg = Debug|x64
		{D4F1338B-5F31-4D31-9EB9-303F8CFF0117}.Debug|Any CPU.Build.0 = Debug|x64
		{D4F1338B-5F31-4D31-9EB9-303F8CFF0117}.Debug|x64.ActiveCfg = Debug|x64
		{D4F1338B-5F31-4D31-9EB9-303F8CFF0117}.Debug|x64.Build.0 = Debug|x64
		{D4F1338B-5F31-4D31-9EB9-303F8CFF0117}.Debug|x86.ActiveCfg = Debug|x64
		{D4F1338B-5F31-4D31-9EB9-303F8CFF0117}.Debug|x86.Build.0 = Debug|x64
		{D4F1338B-5F31-4D31-9EB9-303F8CFF0117}.Release|Any CPU.ActiveCfg = Release|x64
		{D4F1338B-5F31-4D31-9EB9-303F8CFF0117}.Release|Any CPU.Build.0 = Release|x64
		{D4F1338B-5F31-4D31-9EB9-303F8CFF0117}.Release|x64.ActiveCfg = Release|x64
		{D4F1338B-5F31-4D31-9EB9-303F8CFF0117}.Release|x64.Build.0 = Release|x64
		{D4F1338B-5F31-4D31-9EB9-303F8CFF0117}.Release|x86.ActiveCfg = Release|x64
		{D4F1338B-5F31-4D31-9EB9-303F8CFF0117}.Release|x86.Build.0 = Release|x64
		{854B5942-59DB-4CAC-81F5-378D4AE9EAA9}.Debug|Any CPU.ActiveCfg = Debug|x64
		{854B5942-59DB-4CAC-81F5-378D4AE9EAA9}.Debug|Any CPU.Build.0 = Debug|x64
		{854B5942-59DB-4CAC-81F5-378D4AE9EAA9}.Debug|x64.ActiveCfg = Debug|x64
		{854B5942-59DB-4CAC-81F5-378D4AE9EAA9}.Debug|x64.Build.0 = Debug|x64
		{854B5942-59DB-4CAC-81F5-378D4AE9EAA9}.Debug|x86.ActiveCfg = Debug|x64
		{854B5942-59DB-4CAC-81F5-378D4AE9EAA9}.Debug|x86.Build.0 = Debug|x64
		{854B5942-59DB-4CAC-81F5-378D4AE9EAA9}.Release|Any CPU.ActiveCfg = Release|x64
		{854B5942-59DB-4CAC-81F5-378D4AE9EAA9}.Release|Any CPU.Build.0 = Release|x64
		{854B5942-59DB-4CAC-81F5-378D4AE9EAA9}.Release|x64.ActiveCfg = Release|x64
		{854B5942-59DB-4CAC-81F5-378D4AE9EAA9}.Release|x64.Build.0 = Release|x64
		{854B5942-59DB-4CAC-81F5-378D4AE9EAA9}.Release|x86.ActiveCfg = Release|x64
		{854B5942-59DB-4CAC-81F5-378D4AE9EAA9}.Release|x86.Build.0 = Release|x64
	EndGlobalSection
	GlobalSection(SolutionProperties) = preSolution
		HideSolutionNode = FALSE
	EndGlobalSection
	GlobalSection(NestedProjects) = preSolution
		{C57DBD41-0262-4E49-A21C-8BDD248B376F} = {827E0CD3-B72D-47B6-A68D-7590B98EB39B}
		{BD7A1619-71F6-4A8E-B50C-5C919CF6F21C} = {827E0CD3-B72D-47B6-A68D-7590B98EB39B}
		{A8C935E4-9465-45B1-88DA-9A80A40D03D9} = {827E0CD3-B72D-47B6-A68D-7590B98EB39B}
		{DC20A579-6D2E-4D6C-A8CF-CC800A6AE10C} = {827E0CD3-B72D-47B6-A68D-7590B98EB39B}
		{5026EF79-46F4-4614-9BB1-B7448AB3305A} = {0AB3BF05-4346-4AA6-1389-037BE0695223}
		{9560C3FC-048C-48F9-B011-3CCB7807EDB2} = {66320409-64EC-F7C5-3DEF-65E7510DAAD1}
		{3AA819CF-AADB-4B4C-994B-02D0C4F083DE} = {66320409-64EC-F7C5-3DEF-65E7510DAAD1}
		{A1758BCF-7ADD-4391-9AE3-85E963A885BD} = {0AB3BF05-4346-4AA6-1389-037BE0695223}
		{6AAE197E-6EDF-4E09-B465-44177DF767AB} = {0AB3BF05-4346-4AA6-1389-037BE0695223}
		{A8A29E7C-F155-4E0D-84A6-887AF5EBDE30} = {0AB3BF05-4346-4AA6-1389-037BE0695223}
		{454876FF-A70E-4C02-9368-553A0F4BFC94} = {0AB3BF05-4346-4AA6-1389-037BE0695223}
		{D4F1338B-5F31-4D31-9EB9-303F8CFF0117} = {07C2787E-EAC7-C090-1BA3-A61EC2A24D84}
		{854B5942-59DB-4CAC-81F5-378D4AE9EAA9} = {07C2787E-EAC7-C090-1BA3-A61EC2A24D84}
	EndGlobalSection
EndGlobal
